
Microsoft Visual Studio Solution File, Format Version 11.00
# Visual Studio 2010
Project("{FAE04EC0-301F-11D3-BF4B-00C04F79EFBC}") = "QFSW.QC", "QFSW.QC.csproj", "{62DDA180-0367-8B88-B085-2EB5AC3D12A7}"
EndProject
Project("{FAE04EC0-301F-11D3-BF4B-00C04F79EFBC}") = "ACTk.Runtime", "ACTk.Runtime.csproj", "{0E0ADD9A-6DC7-FBBE-7C27-56595A4585B2}"
EndProject
Project("{FAE04EC0-301F-11D3-BF4B-00C04F79EFBC}") = "Assembly-CSharp-firstpass", "Assembly-CSharp-firstpass.csproj", "{A81573DF-6017-DA75-E9DB-1E39A50795E2}"
EndProject
Project("{FAE04EC0-301F-11D3-BF4B-00C04F79EFBC}") = "QFSW.QC.Serializers", "QFSW.QC.Serializers.csproj", "{EAFC4E0D-EA5D-54A4-A19B-5EB2E5C5285F}"
EndProject
Project("{FAE04EC0-301F-11D3-BF4B-00C04F79EFBC}") = "QFSW.QC.Grammar", "QFSW.QC.Grammar.csproj", "{99C18D4C-0F01-11FA-8B23-1FDC8C1E2964}"
EndProject
Project("{FAE04EC0-301F-11D3-BF4B-00C04F79EFBC}") = "Assembly-CSharp", "Assembly-CSharp.csproj", "{55CA0F59-23DD-4941-E4AE-E2CCC50920B2}"
EndProject
Project("{FAE04EC0-301F-11D3-BF4B-00C04F79EFBC}") = "ACTk.Examples.Runtime", "ACTk.Examples.Runtime.csproj", "{C1C0CAA1-3BF7-747D-403C-3F2E59B5DBD6}"
EndProject
Project("{FAE04EC0-301F-11D3-BF4B-00C04F79EFBC}") = "QFSW.QC.Demo", "QFSW.QC.Demo.csproj", "{21C1B63F-5137-AB67-6F5B-B5FF9019016B}"
EndProject
Project("{FAE04EC0-301F-11D3-BF4B-00C04F79EFBC}") = "QFSW.QC.Extras", "QFSW.QC.Extras.csproj", "{14510DB3-142E-C9A4-7912-1236A5CE15D9}"
EndProject
Project("{FAE04EC0-301F-11D3-BF4B-00C04F79EFBC}") = "QFSW.QC.Parsers", "QFSW.QC.Parsers.csproj", "{B6A841D9-6DF6-4AC2-8A48-FC93034A0A8B}"
EndProject
Project("{FAE04EC0-301F-11D3-BF4B-00C04F79EFBC}") = "QFSW.QC.UI", "QFSW.QC.UI.csproj", "{C2361A44-027D-1E0C-5EFC-93EF23220A1D}"
EndProject
Project("{FAE04EC0-301F-11D3-BF4B-00C04F79EFBC}") = "ACTk.Examples.Genuine.Runtime", "ACTk.Examples.Genuine.Runtime.csproj", "{CAE97828-AD27-A8C9-60F2-59E2B7AC031C}"
EndProject
Project("{FAE04EC0-301F-11D3-BF4B-00C04F79EFBC}") = "CodeStage.Maintainer.Editor", "CodeStage.Maintainer.Editor.csproj", "{6FD07A71-F559-733E-BC64-4DE747514A41}"
EndProject
Project("{FAE04EC0-301F-11D3-BF4B-00C04F79EFBC}") = "ScriptInspector", "ScriptInspector.csproj", "{5D8FA996-ED9B-BE5A-8F40-D6A2E62BA138}"
EndProject
Project("{FAE04EC0-301F-11D3-BF4B-00C04F79EFBC}") = "ACTk.Editor", "ACTk.Editor.csproj", "{5E8EDC7B-57E6-9BD3-DB2F-3F8E209E211B}"
EndProject
Project("{FAE04EC0-301F-11D3-BF4B-00C04F79EFBC}") = "QFSW.QC.Editor", "QFSW.QC.Editor.csproj", "{D0B90FD2-17A3-350D-B6C6-38E2BCE24DD0}"
EndProject
Project("{FAE04EC0-301F-11D3-BF4B-00C04F79EFBC}") = "Assembly-CSharp-Editor", "Assembly-CSharp-Editor.csproj", "{9F72C6C1-9726-CEFD-FC0B-25ECBCEF61A6}"
EndProject
Project("{FAE04EC0-301F-11D3-BF4B-00C04F79EFBC}") = "Sirenix.OdinInspector.CompatibilityLayer.Editor", "Sirenix.OdinInspector.CompatibilityLayer.Editor.csproj", "{5170F195-7B94-FEEB-FF54-93763F8A20FD}"
EndProject
Project("{FAE04EC0-301F-11D3-BF4B-00C04F79EFBC}") = "QFSW.QC.QGUI", "QFSW.QC.QGUI.csproj", "{EC44B95B-AEBA-5C6D-44F5-E9BDE3E03603}"
EndProject
Project("{FAE04EC0-301F-11D3-BF4B-00C04F79EFBC}") = "QFSW.QC.Editor.Tools", "QFSW.QC.Editor.Tools.csproj", "{5D1BEAC1-30B8-06AF-6DFF-B5D2ECCE55FA}"
EndProject
Project("{FAE04EC0-301F-11D3-BF4B-00C04F79EFBC}") = "Assembly-CSharp-Editor-firstpass", "Assembly-CSharp-Editor-firstpass.csproj", "{8866D96D-8822-A399-1C68-CC0FCE4680F8}"
EndProject
Project("{FAE04EC0-301F-11D3-BF4B-00C04F79EFBC}") = "Sirenix.OdinInspector.Modules.UnityMathematics", "Sirenix.OdinInspector.Modules.UnityMathematics.csproj", "{9A78D5DD-404E-2B68-A50E-978DEBC8894B}"
EndProject
Project("{FAE04EC0-301F-11D3-BF4B-00C04F79EFBC}") = "ACTk.Examples.Genuine.Editor", "ACTk.Examples.Genuine.Editor.csproj", "{F38BFD19-494D-C241-E238-E4642FE7896F}"
EndProject
Global
	GlobalSection(SolutionConfigurationPlatforms) = preSolution
		Debug|Any CPU = Debug|Any CPU
		Release|Any CPU = Release|Any CPU
	EndGlobalSection
	GlobalSection(ProjectConfigurationPlatforms) = postSolution
		{62DDA180-0367-8B88-B085-2EB5AC3D12A7}.Debug|Any CPU.ActiveCfg = Debug|Any CPU
		{62DDA180-0367-8B88-B085-2EB5AC3D12A7}.Debug|Any CPU.Build.0 = Debug|Any CPU
		{62DDA180-0367-8B88-B085-2EB5AC3D12A7}.Release|Any CPU.ActiveCfg = Release|Any CPU
		{62DDA180-0367-8B88-B085-2EB5AC3D12A7}.Release|Any CPU.Build.0 = Release|Any CPU
		{0E0ADD9A-6DC7-FBBE-7C27-56595A4585B2}.Debug|Any CPU.ActiveCfg = Debug|Any CPU
		{0E0ADD9A-6DC7-FBBE-7C27-56595A4585B2}.Debug|Any CPU.Build.0 = Debug|Any CPU
		{0E0ADD9A-6DC7-FBBE-7C27-56595A4585B2}.Release|Any CPU.ActiveCfg = Release|Any CPU
		{0E0ADD9A-6DC7-FBBE-7C27-56595A4585B2}.Release|Any CPU.Build.0 = Release|Any CPU
		{A81573DF-6017-DA75-E9DB-1E39A50795E2}.Debug|Any CPU.ActiveCfg = Debug|Any CPU
		{A81573DF-6017-DA75-E9DB-1E39A50795E2}.Debug|Any CPU.Build.0 = Debug|Any CPU
		{A81573DF-6017-DA75-E9DB-1E39A50795E2}.Release|Any CPU.ActiveCfg = Release|Any CPU
		{A81573DF-6017-DA75-E9DB-1E39A50795E2}.Release|Any CPU.Build.0 = Release|Any CPU
		{EAFC4E0D-EA5D-54A4-A19B-5EB2E5C5285F}.Debug|Any CPU.ActiveCfg = Debug|Any CPU
		{EAFC4E0D-EA5D-54A4-A19B-5EB2E5C5285F}.Debug|Any CPU.Build.0 = Debug|Any CPU
		{EAFC4E0D-EA5D-54A4-A19B-5EB2E5C5285F}.Release|Any CPU.ActiveCfg = Release|Any CPU
		{EAFC4E0D-EA5D-54A4-A19B-5EB2E5C5285F}.Release|Any CPU.Build.0 = Release|Any CPU
		{99C18D4C-0F01-11FA-8B23-1FDC8C1E2964}.Debug|Any CPU.ActiveCfg = Debug|Any CPU
		{99C18D4C-0F01-11FA-8B23-1FDC8C1E2964}.Debug|Any CPU.Build.0 = Debug|Any CPU
		{99C18D4C-0F01-11FA-8B23-1FDC8C1E2964}.Release|Any CPU.ActiveCfg = Release|Any CPU
		{99C18D4C-0F01-11FA-8B23-1FDC8C1E2964}.Release|Any CPU.Build.0 = Release|Any CPU
		{55CA0F59-23DD-4941-E4AE-E2CCC50920B2}.Debug|Any CPU.ActiveCfg = Debug|Any CPU
		{55CA0F59-23DD-4941-E4AE-E2CCC50920B2}.Debug|Any CPU.Build.0 = Debug|Any CPU
		{55CA0F59-23DD-4941-E4AE-E2CCC50920B2}.Release|Any CPU.ActiveCfg = Release|Any CPU
		{55CA0F59-23DD-4941-E4AE-E2CCC50920B2}.Release|Any CPU.Build.0 = Release|Any CPU
		{C1C0CAA1-3BF7-747D-403C-3F2E59B5DBD6}.Debug|Any CPU.ActiveCfg = Debug|Any CPU
		{C1C0CAA1-3BF7-747D-403C-3F2E59B5DBD6}.Debug|Any CPU.Build.0 = Debug|Any CPU
		{C1C0CAA1-3BF7-747D-403C-3F2E59B5DBD6}.Release|Any CPU.ActiveCfg = Release|Any CPU
		{C1C0CAA1-3BF7-747D-403C-3F2E59B5DBD6}.Release|Any CPU.Build.0 = Release|Any CPU
		{21C1B63F-5137-AB67-6F5B-B5FF9019016B}.Debug|Any CPU.ActiveCfg = Debug|Any CPU
		{21C1B63F-5137-AB67-6F5B-B5FF9019016B}.Debug|Any CPU.Build.0 = Debug|Any CPU
		{21C1B63F-5137-AB67-6F5B-B5FF9019016B}.Release|Any CPU.ActiveCfg = Release|Any CPU
		{21C1B63F-5137-AB67-6F5B-B5FF9019016B}.Release|Any CPU.Build.0 = Release|Any CPU
		{14510DB3-142E-C9A4-7912-1236A5CE15D9}.Debug|Any CPU.ActiveCfg = Debug|Any CPU
		{14510DB3-142E-C9A4-7912-1236A5CE15D9}.Debug|Any CPU.Build.0 = Debug|Any CPU
		{14510DB3-142E-C9A4-7912-1236A5CE15D9}.Release|Any CPU.ActiveCfg = Release|Any CPU
		{14510DB3-142E-C9A4-7912-1236A5CE15D9}.Release|Any CPU.Build.0 = Release|Any CPU
		{B6A841D9-6DF6-4AC2-8A48-FC93034A0A8B}.Debug|Any CPU.ActiveCfg = Debug|Any CPU
		{B6A841D9-6DF6-4AC2-8A48-FC93034A0A8B}.Debug|Any CPU.Build.0 = Debug|Any CPU
		{B6A841D9-6DF6-4AC2-8A48-FC93034A0A8B}.Release|Any CPU.ActiveCfg = Release|Any CPU
		{B6A841D9-6DF6-4AC2-8A48-FC93034A0A8B}.Release|Any CPU.Build.0 = Release|Any CPU
		{C2361A44-027D-1E0C-5EFC-93EF23220A1D}.Debug|Any CPU.ActiveCfg = Debug|Any CPU
		{C2361A44-027D-1E0C-5EFC-93EF23220A1D}.Debug|Any CPU.Build.0 = Debug|Any CPU
		{C2361A44-027D-1E0C-5EFC-93EF23220A1D}.Release|Any CPU.ActiveCfg = Release|Any CPU
		{C2361A44-027D-1E0C-5EFC-93EF23220A1D}.Release|Any CPU.Build.0 = Release|Any CPU
		{CAE97828-AD27-A8C9-60F2-59E2B7AC031C}.Debug|Any CPU.ActiveCfg = Debug|Any CPU
		{CAE97828-AD27-A8C9-60F2-59E2B7AC031C}.Debug|Any CPU.Build.0 = Debug|Any CPU
		{CAE97828-AD27-A8C9-60F2-59E2B7AC031C}.Release|Any CPU.ActiveCfg = Release|Any CPU
		{CAE97828-AD27-A8C9-60F2-59E2B7AC031C}.Release|Any CPU.Build.0 = Release|Any CPU
		{6FD07A71-F559-733E-BC64-4DE747514A41}.Debug|Any CPU.ActiveCfg = Debug|Any CPU
		{6FD07A71-F559-733E-BC64-4DE747514A41}.Debug|Any CPU.Build.0 = Debug|Any CPU
		{6FD07A71-F559-733E-BC64-4DE747514A41}.Release|Any CPU.ActiveCfg = Release|Any CPU
		{6FD07A71-F559-733E-BC64-4DE747514A41}.Release|Any CPU.Build.0 = Release|Any CPU
		{5D8FA996-ED9B-BE5A-8F40-D6A2E62BA138}.Debug|Any CPU.ActiveCfg = Debug|Any CPU
		{5D8FA996-ED9B-BE5A-8F40-D6A2E62BA138}.Debug|Any CPU.Build.0 = Debug|Any CPU
		{5D8FA996-ED9B-BE5A-8F40-D6A2E62BA138}.Release|Any CPU.ActiveCfg = Release|Any CPU
		{5D8FA996-ED9B-BE5A-8F40-D6A2E62BA138}.Release|Any CPU.Build.0 = Release|Any CPU
		{5E8EDC7B-57E6-9BD3-DB2F-3F8E209E211B}.Debug|Any CPU.ActiveCfg = Debug|Any CPU
		{5E8EDC7B-57E6-9BD3-DB2F-3F8E209E211B}.Debug|Any CPU.Build.0 = Debug|Any CPU
		{5E8EDC7B-57E6-9BD3-DB2F-3F8E209E211B}.Release|Any CPU.ActiveCfg = Release|Any CPU
		{5E8EDC7B-57E6-9BD3-DB2F-3F8E209E211B}.Release|Any CPU.Build.0 = Release|Any CPU
		{D0B90FD2-17A3-350D-B6C6-38E2BCE24DD0}.Debug|Any CPU.ActiveCfg = Debug|Any CPU
		{D0B90FD2-17A3-350D-B6C6-38E2BCE24DD0}.Debug|Any CPU.Build.0 = Debug|Any CPU
		{D0B90FD2-17A3-350D-B6C6-38E2BCE24DD0}.Release|Any CPU.ActiveCfg = Release|Any CPU
		{D0B90FD2-17A3-350D-B6C6-38E2BCE24DD0}.Release|Any CPU.Build.0 = Release|Any CPU
		{9F72C6C1-9726-CEFD-FC0B-25ECBCEF61A6}.Debug|Any CPU.ActiveCfg = Debug|Any CPU
		{9F72C6C1-9726-CEFD-FC0B-25ECBCEF61A6}.Debug|Any CPU.Build.0 = Debug|Any CPU
		{9F72C6C1-9726-CEFD-FC0B-25ECBCEF61A6}.Release|Any CPU.ActiveCfg = Release|Any CPU
		{9F72C6C1-9726-CEFD-FC0B-25ECBCEF61A6}.Release|Any CPU.Build.0 = Release|Any CPU
		{5170F195-7B94-FEEB-FF54-93763F8A20FD}.Debug|Any CPU.ActiveCfg = Debug|Any CPU
		{5170F195-7B94-FEEB-FF54-93763F8A20FD}.Debug|Any CPU.Build.0 = Debug|Any CPU
		{5170F195-7B94-FEEB-FF54-93763F8A20FD}.Release|Any CPU.ActiveCfg = Release|Any CPU
		{5170F195-7B94-FEEB-FF54-93763F8A20FD}.Release|Any CPU.Build.0 = Release|Any CPU
		{EC44B95B-AEBA-5C6D-44F5-E9BDE3E03603}.Debug|Any CPU.ActiveCfg = Debug|Any CPU
		{EC44B95B-AEBA-5C6D-44F5-E9BDE3E03603}.Debug|Any CPU.Build.0 = Debug|Any CPU
		{EC44B95B-AEBA-5C6D-44F5-E9BDE3E03603}.Release|Any CPU.ActiveCfg = Release|Any CPU
		{EC44B95B-AEBA-5C6D-44F5-E9BDE3E03603}.Release|Any CPU.Build.0 = Release|Any CPU
		{5D1BEAC1-30B8-06AF-6DFF-B5D2ECCE55FA}.Debug|Any CPU.ActiveCfg = Debug|Any CPU
		{5D1BEAC1-30B8-06AF-6DFF-B5D2ECCE55FA}.Debug|Any CPU.Build.0 = Debug|Any CPU
		{5D1BEAC1-30B8-06AF-6DFF-B5D2ECCE55FA}.Release|Any CPU.ActiveCfg = Release|Any CPU
		{5D1BEAC1-30B8-06AF-6DFF-B5D2ECCE55FA}.Release|Any CPU.Build.0 = Release|Any CPU
		{8866D96D-8822-A399-1C68-CC0FCE4680F8}.Debug|Any CPU.ActiveCfg = Debug|Any CPU
		{8866D96D-8822-A399-1C68-CC0FCE4680F8}.Debug|Any CPU.Build.0 = Debug|Any CPU
		{8866D96D-8822-A399-1C68-CC0FCE4680F8}.Release|Any CPU.ActiveCfg = Release|Any CPU
		{8866D96D-8822-A399-1C68-CC0FCE4680F8}.Release|Any CPU.Build.0 = Release|Any CPU
		{9A78D5DD-404E-2B68-A50E-978DEBC8894B}.Debug|Any CPU.ActiveCfg = Debug|Any CPU
		{9A78D5DD-404E-2B68-A50E-978DEBC8894B}.Debug|Any CPU.Build.0 = Debug|Any CPU
		{9A78D5DD-404E-2B68-A50E-978DEBC8894B}.Release|Any CPU.ActiveCfg = Release|Any CPU
		{9A78D5DD-404E-2B68-A50E-978DEBC8894B}.Release|Any CPU.Build.0 = Release|Any CPU
		{F38BFD19-494D-C241-E238-E4642FE7896F}.Debug|Any CPU.ActiveCfg = Debug|Any CPU
		{F38BFD19-494D-C241-E238-E4642FE7896F}.Debug|Any CPU.Build.0 = Debug|Any CPU
		{F38BFD19-494D-C241-E238-E4642FE7896F}.Release|Any CPU.ActiveCfg = Release|Any CPU
		{F38BFD19-494D-C241-E238-E4642FE7896F}.Release|Any CPU.Build.0 = Release|Any CPU
	EndGlobalSection
	GlobalSection(SolutionProperties) = preSolution
		HideSolutionNode = FALSE
	EndGlobalSection
EndGlobal
